
Microsoft Visual Studio Solution File, Format Version 12.00
# Visual Studio 15
VisualStudioVersion = 15.0.28010.2050
MinimumVisualStudioVersion = 10.0.40219.1
Project("{FAE04EC0-301F-11D3-BF4B-00C04F79EFBC}") = "FLAC-WAV-Converter", "MushRoom\FLAC-WAV-Converter.csproj", "{6C29A704-14FD-4CF4-ABDE-8D6782F3C665}"
EndProject
Global
	GlobalSection(SolutionConfigurationPlatforms) = preSolution
		Debug|Any CPU = Debug|Any CPU
		Release|Any CPU = Release|Any CPU
	EndGlobalSection
	GlobalSection(ProjectConfigurationPlatforms) = postSolution
		{6C29A704-14FD-4CF4-ABDE-8D6782F3C665}.Debug|Any CPU.ActiveCfg = Debug|Any CPU
		{6C29A704-14FD-4CF4-ABDE-8D6782F3C665}.Debug|Any CPU.Build.0 = Debug|Any CPU
		{6C29A704-14FD-4CF4-ABDE-8D6782F3C665}.Release|Any CPU.ActiveCfg = Release|Any CPU
		{6C29A704-14FD-4CF4-ABDE-8D6782F3C665}.Release|Any CPU.Build.0 = Release|Any CPU
	EndGlobalSection
	GlobalSection(SolutionProperties) = preSolution
		HideSolutionNode = FALSE
	EndGlobalSection
	GlobalSection(ExtensibilityGlobals) = postSolution
		SolutionGuid = {D301536D-6F23-4E44-9952-A94125CA9CB6}
	EndGlobalSection
EndGlobal
